
Microsoft Visual Studio Solution File, Format Version 12.00
# Visual Studio Version 16
VisualStudioVersion = 16.0.30611.23
MinimumVisualStudioVersion = 10.0.40219.1
Project("{FAE04EC0-301F-11D3-BF4B-00C04F79EFBC}") = "TeApp.Android", "TeApp\TeApp.Android\TeApp.Android.csproj", "{FD349F56-1C53-4B5F-BCE9-4227257E194E}"
EndProject
Project("{FAE04EC0-301F-11D3-BF4B-00C04F79EFBC}") = "TeApp.iOS", "TeApp\TeApp.iOS\TeApp.iOS.csproj", "{5804C5BD-CE20-4690-839A-035E24AA7A44}"
EndProject
Project("{FAE04EC0-301F-11D3-BF4B-00C04F79EFBC}") = "TeApp", "TeApp\TeApp\TeApp.csproj", "{B6348255-CE90-4F24-B541-9B132D7CBB67}"
EndProject
Global
	GlobalSection(SolutionConfigurationPlatforms) = preSolution
		Debug|Any CPU = Debug|Any CPU
		Debug|iPhone = Debug|iPhone
		Debug|iPhoneSimulator = Debug|iPhoneSimulator
		Release|Any CPU = Release|Any CPU
		Release|iPhone = Release|iPhone
		Release|iPhoneSimulator = Release|iPhoneSimulator
	EndGlobalSection
	GlobalSection(ProjectConfigurationPlatforms) = postSolution
		{FD349F56-1C53-4B5F-BCE9-4227257E194E}.Debug|Any CPU.ActiveCfg = Debug|Any CPU
		{FD349F56-1C53-4B5F-BCE9-4227257E194E}.Debug|Any CPU.Build.0 = Debug|Any CPU
		{FD349F56-1C53-4B5F-BCE9-4227257E194E}.Debug|Any CPU.Deploy.0 = Debug|Any CPU
		{FD349F56-1C53-4B5F-BCE9-4227257E194E}.Debug|iPhone.ActiveCfg = Debug|Any CPU
		{FD349F56-1C53-4B5F-BCE9-4227257E194E}.Debug|iPhone.Build.0 = Debug|Any CPU
		{FD349F56-1C53-4B5F-BCE9-4227257E194E}.Debug|iPhone.Deploy.0 = Debug|Any CPU
		{FD349F56-1C53-4B5F-BCE9-4227257E194E}.Debug|iPhoneSimulator.ActiveCfg = Debug|Any CPU
		{FD349F56-1C53-4B5F-BCE9-4227257E194E}.Debug|iPhoneSimulator.Build.0 = Debug|Any CPU
		{FD349F56-1C53-4B5F-BCE9-4227257E194E}.Debug|iPhoneSimulator.Deploy.0 = Debug|Any CPU
		{FD349F56-1C53-4B5F-BCE9-4227257E194E}.Release|Any CPU.ActiveCfg = Release|Any CPU
		{FD349F56-1C53-4B5F-BCE9-4227257E194E}.Release|Any CPU.Build.0 = Release|Any CPU
		{FD349F56-1C53-4B5F-BCE9-4227257E194E}.Release|Any CPU.Deploy.0 = Release|Any CPU
		{FD349F56-1C53-4B5F-BCE9-4227257E194E}.Release|iPhone.ActiveCfg = Release|Any CPU
		{FD349F56-1C53-4B5F-BCE9-4227257E194E}.Release|iPhone.Build.0 = Release|Any CPU
		{FD349F56-1C53-4B5F-BCE9-4227257E194E}.Release|iPhone.Deploy.0 = Release|Any CPU
		{FD349F56-1C53-4B5F-BCE9-4227257E194E}.Release|iPhoneSimulator.ActiveCfg = Release|Any CPU
		{FD349F56-1C53-4B5F-BCE9-4227257E194E}.Release|iPhoneSimulator.Build.0 = Release|Any CPU
		{FD349F56-1C53-4B5F-BCE9-4227257E194E}.Release|iPhoneSimulator.Deploy.0 = Release|Any CPU
		{5804C5BD-CE20-4690-839A-035E24AA7A44}.Debug|Any CPU.ActiveCfg = Debug|iPhone
		{5804C5BD-CE20-4690-839A-035E24AA7A44}.Debug|Any CPU.Build.0 = Debug|iPhone
		{5804C5BD-CE20-4690-839A-035E24AA7A44}.Debug|Any CPU.Deploy.0 = Debug|iPhone
		{5804C5BD-CE20-4690-839A-035E24AA7A44}.Debug|iPhone.ActiveCfg = Debug|iPhone
		{5804C5BD-CE20-4690-839A-035E24AA7A44}.Debug|iPhone.Build.0 = Debug|iPhone
		{5804C5BD-CE20-4690-839A-035E24AA7A44}.Debug|iPhone.Deploy.0 = Debug|iPhone
		{5804C5BD-CE20-4690-839A-035E24AA7A44}.Debug|iPhoneSimulator.ActiveCfg = Debug|iPhoneSimulator
		{5804C5BD-CE20-4690-839A-035E24AA7A44}.Debug|iPhoneSimulator.Build.0 = Debug|iPhoneSimulator
		{5804C5BD-CE20-4690-839A-035E24AA7A44}.Debug|iPhoneSimulator.Deploy.0 = Debug|iPhoneSimulator
		{5804C5BD-CE20-4690-839A-035E24AA7A44}.Release|Any CPU.ActiveCfg = Release|iPhoneSimulator
		{5804C5BD-CE20-4690-839A-035E24AA7A44}.Release|Any CPU.Build.0 = Release|iPhoneSimulator
		{5804C5BD-CE20-4690-839A-035E24AA7A44}.Release|Any CPU.Deploy.0 = Release|iPhoneSimulator
		{5804C5BD-CE20-4690-839A-035E24AA7A44}.Release|iPhone.ActiveCfg = Release|iPhone
		{5804C5BD-CE20-4690-839A-035E24AA7A44}.Release|iPhone.Build.0 = Release|iPhone
		{5804C5BD-CE20-4690-839A-035E24AA7A44}.Release|iPhone.Deploy.0 = Release|iPhone
		{5804C5BD-CE20-4690-839A-035E24AA7A44}.Release|iPhoneSimulator.ActiveCfg = Release|iPhoneSimulator
		{5804C5BD-CE20-4690-839A-035E24AA7A44}.Release|iPhoneSimulator.Build.0 = Release|iPhoneSimulator
		{5804C5BD-CE20-4690-839A-035E24AA7A44}.Release|iPhoneSimulator.Deploy.0 = Release|iPhoneSimulator
		{B6348255-CE90-4F24-B541-9B132D7CBB67}.Debug|Any CPU.ActiveCfg = Debug|Any CPU
		{B6348255-CE90-4F24-B541-9B132D7CBB67}.Debug|Any CPU.Build.0 = Debug|Any CPU
		{B6348255-CE90-4F24-B541-9B132D7CBB67}.Debug|Any CPU.Deploy.0 = Debug|Any CPU
		{B6348255-CE90-4F24-B541-9B132D7CBB67}.Debug|iPhone.ActiveCfg = Debug|Any CPU
		{B6348255-CE90-4F24-B541-9B132D7CBB67}.Debug|iPhone.Build.0 = Debug|Any CPU
		{B6348255-CE90-4F24-B541-9B132D7CBB67}.Debug|iPhone.Deploy.0 = Debug|Any CPU
		{B6348255-CE90-4F24-B541-9B132D7CBB67}.Debug|iPhoneSimulator.ActiveCfg = Debug|Any CPU
		{B6348255-CE90-4F24-B541-9B132D7CBB67}.Debug|iPhoneSimulator.Build.0 = Debug|Any CPU
		{B6348255-CE90-4F24-B541-9B132D7CBB67}.Debug|iPhoneSimulator.Deploy.0 = Debug|Any CPU
		{B6348255-CE90-4F24-B541-9B132D7CBB67}.Release|Any CPU.ActiveCfg = Release|Any CPU
		{B6348255-CE90-4F24-B541-9B132D7CBB67}.Release|Any CPU.Build.0 = Release|Any CPU
		{B6348255-CE90-4F24-B541-9B132D7CBB67}.Release|Any CPU.Deploy.0 = Release|Any CPU
		{B6348255-CE90-4F24-B541-9B132D7CBB67}.Release|iPhone.ActiveCfg = Release|Any CPU
		{B6348255-CE90-4F24-B541-9B132D7CBB67}.Release|iPhone.Build.0 = Release|Any CPU
		{B6348255-CE90-4F24-B541-9B132D7CBB67}.Release|iPhone.Deploy.0 = Release|Any CPU
		{B6348255-CE90-4F24-B541-9B132D7CBB67}.Release|iPhoneSimulator.ActiveCfg = Release|Any CPU
		{B6348255-CE90-4F24-B541-9B132D7CBB67}.Release|iPhoneSimulator.Build.0 = Release|Any CPU
		{B6348255-CE90-4F24-B541-9B132D7CBB67}.Release|iPhoneSimulator.Deploy.0 = Release|Any CPU
	EndGlobalSection
	GlobalSection(SolutionProperties) = preSolution
		HideSolutionNode = FALSE
	EndGlobalSection
	GlobalSection(ExtensibilityGlobals) = postSolution
		SolutionGuid = {5C5CEB36-0E5D-454C-A2F8-058F9E10D8A4}
	EndGlobalSection
EndGlobal
